
Microsoft Visual Studio Solution File, Format Version 12.00
# Visual Studio Version 17
VisualStudioVersion = 17.10.35013.160
MinimumVisualStudioVersion = 10.0.40219.1
Project("{FAE04EC0-301F-11D3-BF4B-00C04F79EFBC}") = "Nousfv.RutaExpress.Api", "RutaExpress.Server\Nousfv.RutaExpress.Api.csproj", "{AB9BF824-E8B9-4378-8F37-62987BD51608}"
EndProject
Project("{54A90642-561A-4BB1-A94E-469ADEE60C69}") = "rutaexpress.WebApp", "rutaexpress.client\rutaexpress.WebApp.esproj", "{8FBB2CB5-6701-48A3-9FAC-866190BC4043}"
EndProject
Global
	GlobalSection(SolutionConfigurationPlatforms) = preSolution
		Debug|Any CPU = Debug|Any CPU
		Release|Any CPU = Release|Any CPU
	EndGlobalSection
	GlobalSection(ProjectConfigurationPlatforms) = postSolution
		{AB9BF824-E8B9-4378-8F37-62987BD51608}.Debug|Any CPU.ActiveCfg = Debug|Any CPU
		{AB9BF824-E8B9-4378-8F37-62987BD51608}.Debug|Any CPU.Build.0 = Debug|Any CPU
		{AB9BF824-E8B9-4378-8F37-62987BD51608}.Release|Any CPU.ActiveCfg = Release|Any CPU
		{AB9BF824-E8B9-4378-8F37-62987BD51608}.Release|Any CPU.Build.0 = Release|Any CPU
		{8FBB2CB5-6701-48A3-9FAC-866190BC4043}.Debug|Any CPU.ActiveCfg = Debug|Any CPU
		{8FBB2CB5-6701-48A3-9FAC-866190BC4043}.Debug|Any CPU.Build.0 = Debug|Any CPU
		{8FBB2CB5-6701-48A3-9FAC-866190BC4043}.Debug|Any CPU.Deploy.0 = Debug|Any CPU
		{8FBB2CB5-6701-48A3-9FAC-866190BC4043}.Release|Any CPU.ActiveCfg = Release|Any CPU
		{8FBB2CB5-6701-48A3-9FAC-866190BC4043}.Release|Any CPU.Build.0 = Release|Any CPU
		{8FBB2CB5-6701-48A3-9FAC-866190BC4043}.Release|Any CPU.Deploy.0 = Release|Any CPU
	EndGlobalSection
	GlobalSection(SolutionProperties) = preSolution
		HideSolutionNode = FALSE
	EndGlobalSection
	GlobalSection(ExtensibilityGlobals) = postSolution
		SolutionGuid = {1265EE19-F6FB-49A6-83FF-3AF34A7D592C}
	EndGlobalSection
EndGlobal
